Microsoft Visual Studio Solution File, Format Version 12.00
# Visual Studio Version 17
VisualStudioVersion = 17.5.2.0
MinimumVisualStudioVersion = 10.0.40219.1
Project("{FAE04EC0-301F-11D3-BF4B-00C04F79EFBC}") = "AarhusSpaceProgram.Api", "AarhusSpaceProgram.Api\AarhusSpaceProgram.Api.csproj", "{2DD3E0BE-5FE1-AD94-35B2-78BED4B8B47B}"
EndProject
Global
	GlobalSection(SolutionConfigurationPlatforms) = preSolution
		Debug|Any CPU = Debug|Any CPU
		Release|Any CPU = Release|Any CPU
	EndGlobalSection
	GlobalSection(ProjectConfigurationPlatforms) = postSolution
		{2DD3E0BE-5FE1-AD94-35B2-78BED4B8B47B}.Debug|Any CPU.ActiveCfg = Debug|Any CPU
		{2DD3E0BE-5FE1-AD94-35B2-78BED4B8B47B}.Debug|Any CPU.Build.0 = Debug|Any CPU
		{2DD3E0BE-5FE1-AD94-35B2-78BED4B8B47B}.Release|Any CPU.ActiveCfg = Release|Any CPU
		{2DD3E0BE-5FE1-AD94-35B2-78BED4B8B47B}.Release|Any CPU.Build.0 = Release|Any CPU
	EndGlobalSection
	GlobalSection(SolutionProperties) = preSolution
		HideSolutionNode = FALSE
	EndGlobalSection
	GlobalSection(ExtensibilityGlobals) = postSolution
		SolutionGuid = {F6879AB0-029A-4578-9D99-C91CBD128C72}
	EndGlobalSection
EndGlobal
